
Microsoft Visual Studio Solution File, Format Version 12.00
# Visual Studio 15
VisualStudioVersion = 15.0.28010.2019
MinimumVisualStudioVersion = 10.0.40219.1
Project("{FAE04EC0-301F-11D3-BF4B-00C04F79EFBC}") = "MarsicRokoStreamWriter", "MarsicRokoStreamWriter\MarsicRokoStreamWriter.csproj", "{E2F457B8-EFD2-483D-99E1-F4C1B0004C26}"
EndProject
Global
	GlobalSection(SolutionConfigurationPlatforms) = preSolution
		Debug|Any CPU = Debug|Any CPU
		Release|Any CPU = Release|Any CPU
	EndGlobalSection
	GlobalSection(ProjectConfigurationPlatforms) = postSolution
		{E2F457B8-EFD2-483D-99E1-F4C1B0004C26}.Debug|Any CPU.ActiveCfg = Debug|Any CPU
		{E2F457B8-EFD2-483D-99E1-F4C1B0004C26}.Debug|Any CPU.Build.0 = Debug|Any CPU
		{E2F457B8-EFD2-483D-99E1-F4C1B0004C26}.Release|Any CPU.ActiveCfg = Release|Any CPU
		{E2F457B8-EFD2-483D-99E1-F4C1B0004C26}.Release|Any CPU.Build.0 = Release|Any CPU
	EndGlobalSection
	GlobalSection(SolutionProperties) = preSolution
		HideSolutionNode = FALSE
	EndGlobalSection
	GlobalSection(ExtensibilityGlobals) = postSolution
		SolutionGuid = {6C9BBF85-2B38-4AEB-98D0-4ACE47A61701}
	EndGlobalSection
EndGlobal
